
Microsoft Visual Studio Solution File, Format Version 12.00
# Visual Studio Version 17
VisualStudioVersion = 17.10.34928.147
MinimumVisualStudioVersion = 10.0.40219.1
Project("{FAE04EC0-301F-11D3-BF4B-00C04F79EFBC}") = "WebAPI", "WebAPI\WebAPI.csproj", "{02A23CFE-71A6-4BAD-B106-D89452776A07}"
EndProject
Global
	GlobalSection(SolutionConfigurationPlatforms) = preSolution
		Debug|Any CPU = Debug|Any CPU
		Release|Any CPU = Release|Any CPU
	EndGlobalSection
	GlobalSection(ProjectConfigurationPlatforms) = postSolution
		{02A23CFE-71A6-4BAD-B106-D89452776A07}.Debug|Any CPU.ActiveCfg = Debug|Any CPU
		{02A23CFE-71A6-4BAD-B106-D89452776A07}.Debug|Any CPU.Build.0 = Debug|Any CPU
		{02A23CFE-71A6-4BAD-B106-D89452776A07}.Release|Any CPU.ActiveCfg = Release|Any CPU
		{02A23CFE-71A6-4BAD-B106-D89452776A07}.Release|Any CPU.Build.0 = Release|Any CPU
	EndGlobalSection
	GlobalSection(SolutionProperties) = preSolution
		HideSolutionNode = FALSE
	EndGlobalSection
	GlobalSection(ExtensibilityGlobals) = postSolution
		SolutionGuid = {9D7C040D-B735-4FD1-8E70-998B20FC6001}
	EndGlobalSection
EndGlobal
